// !$*UTF8*$!
{
	archiveVersion = 1;
	classes = {
	};
	objectVersion = 52;
	objects = {

/* Begin PBXBuildFile section */
		A7FAB3472498D33E00AEFA3F /* AppDelegate.swift in Sources */ = {isa = PBXBuildFile; fileRef = A7FAB3462498D33E00AEFA3F /* AppDelegate.swift */; };
		A7FAB3492498D33E00AEFA3F /* SceneDelegate.swift in Sources */ = {isa = PBXBuildFile; fileRef = A7FAB3482498D33E00AEFA3F /* SceneDelegate.swift */; };
		A7FAB34B2498D33E00AEFA3F /* ContentView.swift in Sources */ = {isa = PBXBuildFile; fileRef = A7FAB34A2498D33E00AEFA3F /* ContentView.swift */; };
		A7FAB34D2498D34200AEFA3F /* Assets.xcassets in Resources */ = {isa = PBXBuildFile; fileRef = A7FAB34C2498D34200AEFA3F /* Assets.xcassets */; };
		A7FAB3502498D34200AEFA3F /* Preview Assets.xcassets in Resources */ = {isa = PBXBuildFile; fileRef = A7FAB34F2498D34200AEFA3F /* Preview Assets.xcassets */; };
		A7FAB3532498D34200AEFA3F /* LaunchScreen.storyboard in Resources */ = {isa = PBXBuildFile; fileRef = A7FAB3512498D34200AEFA3F /* LaunchScreen.storyboard */; };
		A7FAB35C2498D39500AEFA3F /* StateDefaults in Frameworks */ = {isa = PBXBuildFile; productRef = A7FAB35B2498D39500AEFA3F /* StateDefaults */; };
/* End PBXBuildFile section */

/* Begin PBXFileReference section */
		A7FAB3432498D33E00AEFA3F /* StateDefaultsDemo_SwiftUI.app */ = {isa = PBXFileReference; explicitFileType = wrapper.application; includeInIndex = 0; path = StateDefaultsDemo_SwiftUI.app; sourceTree = BUILT_PRODUCTS_DIR; };
		A7FAB3462498D33E00AEFA3F /* AppDelegate.swift */ = {isa = PBXFileReference; lastKnownFileType = sourcecode.swift; path = AppDelegate.swift; sourceTree = "<group>"; };
		A7FAB3482498D33E00AEFA3F /* SceneDelegate.swift */ = {isa = PBXFileReference; lastKnownFileType = sourcecode.swift; path = SceneDelegate.swift; sourceTree = "<group>"; };
		A7FAB34A2498D33E00AEFA3F /* ContentView.swift */ = {isa = PBXFileReference; lastKnownFileType = sourcecode.swift; path = ContentView.swift; sourceTree = "<group>"; };
		A7FAB34C2498D34200AEFA3F /* Assets.xcassets */ = {isa = PBXFileReference; lastKnownFileType = folder.assetcatalog; path = Assets.xcassets; sourceTree = "<group>"; };
		A7FAB34F2498D34200AEFA3F /* Preview Assets.xcassets */ = {isa = PBXFileReference; lastKnownFileType = folder.assetcatalog; path = "Preview Assets.xcassets"; sourceTree = "<group>"; };
		A7FAB3522498D34200AEFA3F /* Base */ = {isa = PBXFileReference; lastKnownFileType = file.storyboard; name = Base; path = Base.lproj/LaunchScreen.storyboard; sourceTree = "<group>"; };
		A7FAB3542498D34200AEFA3F /* Info.plist */ = {isa = PBXFileReference; lastKnownFileType = text.plist.xml; path = Info.plist; sourceTree = "<group>"; };
/* End PBXFileReference section */

/* Begin PBXFrameworksBuildPhase section */
		A7FAB3402498D33E00AEFA3F /* Frameworks */ = {
			isa = PBXFrameworksBuildPhase;
			buildActionMask = 2147483647;
			files = (
				A7FAB35C2498D39500AEFA3F /* StateDefaults in Frameworks */,
			);
			runOnlyForDeploymentPostprocessing = 0;
		};
/* End PBXFrameworksBuildPhase section */

/* Begin PBXGroup section */
		A7FAB33A2498D33D00AEFA3F = {
			isa = PBXGroup;
			children = (
				A7FAB3452498D33E00AEFA3F /* StateDefaultsDemo_SwiftUI */,
				A7FAB3442498D33E00AEFA3F /* Products */,
				A7FAB35A2498D39500AEFA3F /* Frameworks */,
			);
			sourceTree = "<group>";
		};
		A7FAB3442498D33E00AEFA3F /* Products */ = {
			isa = PBXGroup;
			children = (
				A7FAB3432498D33E00AEFA3F /* StateDefaultsDemo_SwiftUI.app */,
			);
			name = Products;
			sourceTree = "<group>";
		};
		A7FAB3452498D33E00AEFA3F /* StateDefaultsDemo_SwiftUI */ = {
			isa = PBXGroup;
			children = (
				A7FAB3462498D33E00AEFA3F /* AppDelegate.swift */,
				A7FAB3482498D33E00AEFA3F /* SceneDelegate.swift */,
				A7FAB34A2498D33E00AEFA3F /* ContentView.swift */,
				A7FAB34C2498D34200AEFA3F /* Assets.xcassets */,
				A7FAB3512498D34200AEFA3F /* LaunchScreen.storyboard */,
				A7FAB3542498D34200AEFA3F /* Info.plist */,
				A7FAB34E2498D34200AEFA3F /* Preview Content */,
			);
			path = StateDefaultsDemo_SwiftUI;
			sourceTree = "<group>";
		};
		A7FAB34E2498D34200AEFA3F /* Preview Content */ = {
			isa = PBXGroup;
			children = (
				A7FAB34F2498D34200AEFA3F /* Preview Assets.xcassets */,
			);
			path = "Preview Content";
			sourceTree = "<group>";
		};
		A7FAB35A2498D39500AEFA3F /* Frameworks */ = {
			isa = PBXGroup;
			children = (
			);
			name = Frameworks;
			sourceTree = "<group>";
		};
/* End PBXGroup section */

/* Begin PBXNativeTarget section */
		A7FAB3422498D33E00AEFA3F /* StateDefaultsDemo_SwiftUI */ = {
			isa = PBXNativeTarget;
			buildConfigurationList = A7FAB3572498D34200AEFA3F /* Build configuration list for PBXNativeTarget "StateDefaultsDemo_SwiftUI" */;
			buildPhases = (
				A7FAB33F2498D33E00AEFA3F /* Sources */,
				A7FAB3402498D33E00AEFA3F /* Frameworks */,
				A7FAB3412498D33E00AEFA3F /* Resources */,
			);
			buildRules = (
			);
			dependencies = (
			);
			name = StateDefaultsDemo_SwiftUI;
			packageProductDependencies = (
				A7FAB35B2498D39500AEFA3F /* StateDefaults */,
			);
			productName = StateDefaultsDemo_SwiftUI;
			productReference = A7FAB3432498D33E00AEFA3F /* StateDefaultsDemo_SwiftUI.app */;
			productType = "com.apple.product-type.application";
		};
/* End PBXNativeTarget section */

/* Begin PBXProject section */
		A7FAB33B2498D33D00AEFA3F /* Project object */ = {
			isa = PBXProject;
			attributes = {
				LastSwiftUpdateCheck = 1150;
				LastUpgradeCheck = 1150;
				ORGANIZATIONNAME = "游宗諭";
				TargetAttributes = {
					A7FAB3422498D33E00AEFA3F = {
						CreatedOnToolsVersion = 11.5;
					};
				};
			};
			buildConfigurationList = A7FAB33E2498D33D00AEFA3F /* Build configuration list for PBXProject "StateDefaultsDemo_SwiftUI" */;
			compatibilityVersion = "Xcode 9.3";
			developmentRegion = en;
			hasScannedForEncodings = 0;
			knownRegions = (
				en,
				Base,
			);
			mainGroup = A7FAB33A2498D33D00AEFA3F;
			productRefGroup = A7FAB3442498D33E00AEFA3F /* Products */;
			projectDirPath = "";
			projectRoot = "";
			targets = (
				A7FAB3422498D33E00AEFA3F /* StateDefaultsDemo_SwiftUI */,
			);
		};
/* End PBXProject section */

/* Begin PBXResourcesBuildPhase section */
		A7FAB3412498D33E00AEFA3F /* Resources */ = {
			isa = PBXResourcesBuildPhase;
			buildActionMask = 2147483647;
			files = (
				A7FAB3532498D34200AEFA3F /* LaunchScreen.storyboard in Resources */,
				A7FAB3502498D34200AEFA3F /* Preview Assets.xcassets in Resources */,
				A7FAB34D2498D34200AEFA3F /* Assets.xcassets in Resources */,
			);
			runOnlyForDeploymentPostprocessing = 0;
		};
/* End PBXResourcesBuildPhase section */

/* Begin PBXSourcesBuildPhase section */
		A7FAB33F2498D33E00AEFA3F /* Sources */ = {
			isa = PBXSourcesBuildPhase;
			buildActionMask = 2147483647;
			files = (
				A7FAB3472498D33E00AEFA3F /* AppDelegate.swift in Sources */,
				A7FAB3492498D33E00AEFA3F /* SceneDelegate.swift in Sources */,
				A7FAB34B2498D33E00AEFA3F /* ContentView.swift in Sources */,
			);
			runOnlyForDeploymentPostprocessing = 0;
		};
/* End PBXSourcesBuildPhase section */

/* Begin PBXVariantGroup section */
		A7FAB3512498D34200AEFA3F /* LaunchScreen.storyboard */ = {
			isa = PBXVariantGroup;
			children = (
				A7FAB3522498D34200AEFA3F /* Base */,
			);
			name = LaunchScreen.storyboard;
			sourceTree = "<group>";
		};
/* End PBXVariantGroup section */

/* Begin XCBuildConfiguration section */
		A7FAB3552498D34200AEFA3F /* Debug */ = {
			isa = XCBuildConfiguration;
			buildSettings = {
				ALWAYS_SEARCH_USER_PATHS = NO;
				CLANG_ANALYZER_NONNULL = YES;
				CLANG_ANALYZER_NUMBER_OBJECT_CONVERSION = YES_AGGRESSIVE;
				CLANG_CXX_LANGUAGE_STANDARD = "gnu++14";
				CLANG_CXX_LIBRARY = "libc++";
				CLANG_ENABLE_MODULES = YES;
				CLANG_ENABLE_OBJC_ARC = YES;
				CLANG_ENABLE_OBJC_WEAK = YES;
				CLANG_WARN_BLOCK_CAPTURE_AUTORELEASING = YES;
				CLANG_WARN_BOOL_CONVERSION = YES;
				CLANG_WARN_COMMA = YES;
				CLANG_WARN_CONSTANT_CONVERSION = YES;
				CLANG_WARN_DEPRECATED_OBJC_IMPLEMENTATIONS = YES;
				CLANG_WARN_DIRECT_OBJC_ISA_USAGE = YES_ERROR;
				CLANG_WARN_DOCUMENTATION_COMMENTS = YES;
				CLANG_WARN_EMPTY_BODY = YES;
				CLANG_WARN_ENUM_CONVERSION = YES;
				CLANG_WARN_INFINITE_RECURSION = YES;
				CLANG_WARN_INT_CONVERSION = YES;
				CLANG_WARN_NON_LITERAL_NULL_CONVERSION = YES;
				CLANG_WARN_OBJC_IMPLICIT_RETAIN_SELF = YES;
				CLANG_WARN_OBJC_LITERAL_CONVERSION = YES;
				CLANG_WARN_OBJC_ROOT_CLASS = YES_ERROR;
				CLANG_WARN_RANGE_LOOP_ANALYSIS = YES;
				CLANG_WARN_STRICT_PROTOTYPES = YES;
				CLANG_WARN_SUSPICIOUS_MOVE = YES;
				CLANG_WARN_UNGUARDED_AVAILABILITY = YES_AGGRESSIVE;
				CLANG_WARN_UNREACHABLE_CODE = YES;
				CLANG_WARN__DUPLICATE_METHOD_MATCH = YES;
				COPY_PHASE_STRIP = NO;
				DEBUG_INFORMATION_FORMAT = dwarf;
				ENABLE_STRICT_OBJC_MSGSEND = YES;
				ENABLE_TESTABILITY = YES;
				GCC_C_LANGUAGE_STANDARD = gnu11;
				GCC_DYNAMIC_NO_PIC = NO;
				GCC_NO_COMMON_BLOCKS = YES;
				GCC_OPTIMIZATION_LEVEL = 0;
				GCC_PREPROCESSOR_DEFINITIONS = (
					"DEBUG=1",
					"$(inherited)",
				);
				GCC_WARN_64_TO_32_BIT_CONVERSION = YES;
				GCC_WARN_ABOUT_RETURN_TYPE = YES_ERROR;
				GCC_WARN_UNDECLARED_SELECTOR = YES;
				GCC_WARN_UNINITIALIZED_AUTOS = YES_AGGRESSIVE;
				GCC_WARN_UNUSED_FUNCTION = YES;
				GCC_WARN_UNUSED_VARIABLE = YES;
				IPHONEOS_DEPLOYMENT_TARGET = 13.5;
				MTL_ENABLE_DEBUG_INFO = INCLUDE_SOURCE;
				MTL_FAST_MATH = YES;
				ONLY_ACTIVE_ARCH = YES;
				SDKROOT = iphoneos;
				SWIFT_ACTIVE_COMPILATION_CONDITIONS = DEBUG;
				SWIFT_OPTIMIZATION_LEVEL = "-Onone";
			};
			name = Debug;
		};
		A7FAB3562498D34200AEFA3F /* Release */ = {
			isa = XCBuildConfiguration;
			buildSettings = {
				ALWAYS_SEARCH_USER_PATHS = NO;
				CLANG_ANALYZER_NONNULL = YES;
				CLANG_ANALYZER_NUMBER_OBJECT_CONVERSION = YES_AGGRESSIVE;
				CLANG_CXX_LANGUAGE_STANDARD = "gnu++14";
				CLANG_CXX_LIBRARY = "libc++";
				CLANG_ENABLE_MODULES = YES;
				CLANG_ENABLE_OBJC_ARC = YES;
				CLANG_ENABLE_OBJC_WEAK = YES;
				CLANG_WARN_BLOCK_CAPTURE_AUTORELEASING = YES;
				CLANG_WARN_BOOL_CONVERSION = YES;
				CLANG_WARN_COMMA = YES;
				CLANG_WARN_CONSTANT_CONVERSION = YES;
				CLANG_WARN_DEPRECATED_OBJC_IMPLEMENTATIONS = YES;
				CLANG_WARN_DIRECT_OBJC_ISA_USAGE = YES_ERROR;
				CLANG_WARN_DOCUMENTATION_COMMENTS = YES;
				CLANG_WARN_EMPTY_BODY = YES;
				CLANG_WARN_ENUM_CONVERSION = YES;
				CLANG_WARN_INFINITE_RECURSION = YES;
				CLANG_WARN_INT_CONVERSION = YES;
				CLANG_WARN_NON_LITERAL_NULL_CONVERSION = YES;
				CLANG_WARN_OBJC_IMPLICIT_RETAIN_SELF = YES;
				CLANG_WARN_OBJC_LITERAL_CONVERSION = YES;
				CLANG_WARN_OBJC_ROOT_CLASS = YES_ERROR;
				CLANG_WARN_RANGE_LOOP_ANALYSIS = YES;
				CLANG_WARN_STRICT_PROTOTYPES = YES;
				CLANG_WARN_SUSPICIOUS_MOVE = YES;
				CLANG_WARN_UNGUARDED_AVAILABILITY = YES_AGGRESSIVE;
				CLANG_WARN_UNREACHABLE_CODE = YES;
				CLANG_WARN__DUPLICATE_METHOD_MATCH = YES;
				COPY_PHASE_STRIP = NO;
				DEBUG_INFORMATION_FORMAT = "dwarf-with-dsym";
				ENABLE_NS_ASSERTIONS = NO;
				ENABLE_STRICT_OBJC_MSGSEND = YES;
				GCC_C_LANGUAGE_STANDARD = gnu11;
				GCC_NO_COMMON_BLOCKS = YES;
				GCC_WARN_64_TO_32_BIT_CONVERSION = YES;
				GCC_WARN_ABOUT_RETURN_TYPE = YES_ERROR;
				GCC_WARN_UNDECLARED_SELECTOR = YES;
				GCC_WARN_UNINITIALIZED_AUTOS = YES_AGGRESSIVE;
				GCC_WARN_UNUSED_FUNCTION = YES;
				GCC_WARN_UNUSED_VARIABLE = YES;
				IPHONEOS_DEPLOYMENT_TARGET = 13.5;
				MTL_ENABLE_DEBUG_INFO = NO;
				MTL_FAST_MATH = YES;
				SDKROOT = iphoneos;
				SWIFT_COMPILATION_MODE = wholemodule;
				SWIFT_OPTIMIZATION_LEVEL = "-O";
				VALIDATE_PRODUCT = YES;
			};
			name = Release;
		};
		A7FAB3582498D34200AEFA3F /* Debug */ = {
			isa = XCBuildConfiguration;
			buildSettings = {
				ASSETCATALOG_COMPILER_APPICON_NAME = AppIcon;
				CODE_SIGN_STYLE = Automatic;
				DEVELOPMENT_ASSET_PATHS = "\"StateDefaultsDemo_SwiftUI/Preview Content\"";
				DEVELOPMENT_TEAM = 3AMPL46LPV;
				ENABLE_PREVIEWS = YES;
				INFOPLIST_FILE = StateDefaultsDemo_SwiftUI/Info.plist;
				LD_RUNPATH_SEARCH_PATHS = (
					"$(inherited)",
					"@executable_path/Frameworks",
				);
				PRODUCT_BUNDLE_IDENTIFIER = "com.ytyubox.StateDefaultsDemo-SwiftUI";
				PRODUCT_NAME = "$(TARGET_NAME)";
				SWIFT_VERSION = 5.0;
				TARGETED_DEVICE_FAMILY = "1,2";
			};
			name = Debug;
		};
		A7FAB3592498D34200AEFA3F /* Release */ = {
			isa = XCBuildConfiguration;
			buildSettings = {
				ASSETCATALOG_COMPILER_APPICON_NAME = AppIcon;
				CODE_SIGN_STYLE = Automatic;
				DEVELOPMENT_ASSET_PATHS = "\"StateDefaultsDemo_SwiftUI/Preview Content\"";
				DEVELOPMENT_TEAM = 3AMPL46LPV;
				ENABLE_PREVIEWS = YES;
				INFOPLIST_FILE = StateDefaultsDemo_SwiftUI/Info.plist;
				LD_RUNPATH_SEARCH_PATHS = (
					"$(inherited)",
					"@executable_path/Frameworks",
				);
				PRODUCT_BUNDLE_IDENTIFIER = "com.ytyubox.StateDefaultsDemo-SwiftUI";
				PRODUCT_NAME = "$(TARGET_NAME)";
				SWIFT_VERSION = 5.0;
				TARGETED_DEVICE_FAMILY = "1,2";
			};
			name = Release;
		};
/* End XCBuildConfiguration section */

/* Begin XCConfigurationList section */
		A7FAB33E2498D33D00AEFA3F /* Build configuration list for PBXProject "StateDefaultsDemo_SwiftUI" */ = {
			isa = XCConfigurationList;
			buildConfigurations = (
				A7FAB3552498D34200AEFA3F /* Debug */,
				A7FAB3562498D34200AEFA3F /* Release */,
			);
			defaultConfigurationIsVisible = 0;
			defaultConfigurationName = Release;
		};
		A7FAB3572498D34200AEFA3F /* Build configuration list for PBXNativeTarget "StateDefaultsDemo_SwiftUI" */ = {
			isa = XCConfigurationList;
			buildConfigurations = (
				A7FAB3582498D34200AEFA3F /* Debug */,
				A7FAB3592498D34200AEFA3F /* Release */,
			);
			defaultConfigurationIsVisible = 0;
			defaultConfigurationName = Release;
		};
/* End XCConfigurationList section */

/* Begin XCSwiftPackageProductDependency section */
		A7FAB35B2498D39500AEFA3F /* StateDefaults */ = {
			isa = XCSwiftPackageProductDependency;
			productName = StateDefaults;
		};
/* End XCSwiftPackageProductDependency section */
	};
	rootObject = A7FAB33B2498D33D00AEFA3F /* Project object */;
}
